
Microsoft Visual Studio Solution File, Format Version 12.00
# Visual Studio Version 17
VisualStudioVersion = 17.5.002.0
MinimumVisualStudioVersion = 10.0.40219.1
Project("{9A19103F-16F7-4668-BE54-9A1E7A4F7556}") = "RPG-Character-Sheets", "RPG-Character-Sheets.csproj", "{E71D440B-03A7-42EB-9789-6BBD92248E7B}"
EndProject
Global
	GlobalSection(SolutionConfigurationPlatforms) = preSolution
		Debug|Any CPU = Debug|Any CPU
		Release|Any CPU = Release|Any CPU
	EndGlobalSection
	GlobalSection(ProjectConfigurationPlatforms) = postSolution
		{E71D440B-03A7-42EB-9789-6BBD92248E7B}.Debug|Any CPU.ActiveCfg = Debug|Any CPU
		{E71D440B-03A7-42EB-9789-6BBD92248E7B}.Debug|Any CPU.Build.0 = Debug|Any CPU
		{E71D440B-03A7-42EB-9789-6BBD92248E7B}.Release|Any CPU.ActiveCfg = Release|Any CPU
		{E71D440B-03A7-42EB-9789-6BBD92248E7B}.Release|Any CPU.Build.0 = Release|Any CPU
	EndGlobalSection
	GlobalSection(SolutionProperties) = preSolution
		HideSolutionNode = FALSE
	EndGlobalSection
	GlobalSection(ExtensibilityGlobals) = postSolution
		SolutionGuid = {44120FEC-3842-48F4-871C-752A55C14282}
	EndGlobalSection
EndGlobal
