
Microsoft Visual Studio Solution File, Format Version 12.00
# Visual Studio Version 17
VisualStudioVersion = 17.5.002.0
MinimumVisualStudioVersion = 10.0.40219.1
Project("{9A19103F-16F7-4668-BE54-9A1E7A4F7556}") = "RPG-Character-Sheets", "RPG-Character-Sheets.csproj", "{8B54763B-6CFE-4BD1-B972-326C7799DB91}"
EndProject
Global
	GlobalSection(SolutionConfigurationPlatforms) = preSolution
		Debug|Any CPU = Debug|Any CPU
		Release|Any CPU = Release|Any CPU
	EndGlobalSection
	GlobalSection(ProjectConfigurationPlatforms) = postSolution
		{8B54763B-6CFE-4BD1-B972-326C7799DB91}.Debug|Any CPU.ActiveCfg = Debug|Any CPU
		{8B54763B-6CFE-4BD1-B972-326C7799DB91}.Debug|Any CPU.Build.0 = Debug|Any CPU
		{8B54763B-6CFE-4BD1-B972-326C7799DB91}.Release|Any CPU.ActiveCfg = Release|Any CPU
		{8B54763B-6CFE-4BD1-B972-326C7799DB91}.Release|Any CPU.Build.0 = Release|Any CPU
	EndGlobalSection
	GlobalSection(SolutionProperties) = preSolution
		HideSolutionNode = FALSE
	EndGlobalSection
	GlobalSection(ExtensibilityGlobals) = postSolution
		SolutionGuid = {54CF420B-42F0-4327-AD17-48C863BE290F}
	EndGlobalSection
EndGlobal
